
Microsoft Visual Studio Solution File, Format Version 12.00
# Visual Studio Version 17
VisualStudioVersion = 17.2.32519.379
MinimumVisualStudioVersion = 10.0.40219.1
Project("{FAE04EC0-301F-11D3-BF4B-00C04F79EFBC}") = "MoodAnalyser", "MoodAnalyser\MoodAnalyser.csproj", "{12DDBB94-F695-4E06-9C5C-59B0DA6C8E01}"
EndProject
Global
	GlobalSection(SolutionConfigurationPlatforms) = preSolution
		Debug|Any CPU = Debug|Any CPU
		Release|Any CPU = Release|Any CPU
	EndGlobalSection
	GlobalSection(ProjectConfigurationPlatforms) = postSolution
		{12DDBB94-F695-4E06-9C5C-59B0DA6C8E01}.Debug|Any CPU.ActiveCfg = Debug|Any CPU
		{12DDBB94-F695-4E06-9C5C-59B0DA6C8E01}.Debug|Any CPU.Build.0 = Debug|Any CPU
		{12DDBB94-F695-4E06-9C5C-59B0DA6C8E01}.Release|Any CPU.ActiveCfg = Release|Any CPU
		{12DDBB94-F695-4E06-9C5C-59B0DA6C8E01}.Release|Any CPU.Build.0 = Release|Any CPU
	EndGlobalSection
	GlobalSection(SolutionProperties) = preSolution
		HideSolutionNode = FALSE
	EndGlobalSection
	GlobalSection(ExtensibilityGlobals) = postSolution
		SolutionGuid = {4DB4E573-F04B-4AD8-AD16-1F30B2228D5B}
	EndGlobalSection
EndGlobal
